// !$*UTF8*$!
{
	archiveVersion = 1;
	classes = {
	};
	objectVersion = 55;
	objects = {

/* Begin PBXBuildFile section */
		139F189228D1F59E004F258B /* GoogleService-Info.plist in Resources */ = {isa = PBXBuildFile; fileRef = 139F189128D1F59E004F258B /* GoogleService-Info.plist */; };
		139F189528D1F6D5004F258B /* FirebaseAuth in Frameworks */ = {isa = PBXBuildFile; productRef = 139F189428D1F6D5004F258B /* FirebaseAuth */; };
		139F189728D1F6D5004F258B /* FirebaseFirestore in Frameworks */ = {isa = PBXBuildFile; productRef = 139F189628D1F6D5004F258B /* FirebaseFirestore */; };
		139F189B28D204D5004F258B /* Modifiers.swift in Sources */ = {isa = PBXBuildFile; fileRef = 139F189A28D204D5004F258B /* Modifiers.swift */; };
		BC28ED2F28D563FF0056C8C8 /* CircleImage.swift in Sources */ = {isa = PBXBuildFile; fileRef = BC28ED2E28D563FF0056C8C8 /* CircleImage.swift */; };
		BC28ED3128D56F5C0056C8C8 /* CircleButton.swift in Sources */ = {isa = PBXBuildFile; fileRef = BC28ED3028D56F5C0056C8C8 /* CircleButton.swift */; };
		BC28ED3728D5BC160056C8C8 /* TestData.swift in Sources */ = {isa = PBXBuildFile; fileRef = BC28ED3628D5BC160056C8C8 /* TestData.swift */; };
		BC28ED3928D5BD6C0056C8C8 /* CircleInteractButton.swift in Sources */ = {isa = PBXBuildFile; fileRef = BC28ED3828D5BD6C0056C8C8 /* CircleInteractButton.swift */; };
		BC28ED3B28D609CE0056C8C8 /* LoginViewModel.swift in Sources */ = {isa = PBXBuildFile; fileRef = BC28ED3A28D609CE0056C8C8 /* LoginViewModel.swift */; };
		BC28ED3F28D614ED0056C8C8 /* CardImageSwipe.swift in Sources */ = {isa = PBXBuildFile; fileRef = BC28ED3E28D614EC0056C8C8 /* CardImageSwipe.swift */; };
		F40C375828CDAA13007B4536 /* SwipeView.swift in Sources */ = {isa = PBXBuildFile; fileRef = F40C375728CDAA13007B4536 /* SwipeView.swift */; };
		F40C375A28CDAA56007B4536 /* MessageView.swift in Sources */ = {isa = PBXBuildFile; fileRef = F40C375928CDAA56007B4536 /* MessageView.swift */; };
		F40C375C28CDB57D007B4536 /* SettingView.swift in Sources */ = {isa = PBXBuildFile; fileRef = F40C375B28CDB57D007B4536 /* SettingView.swift */; };
		F40C375E28CDD469007B4536 /* CardImage.swift in Sources */ = {isa = PBXBuildFile; fileRef = F40C375D28CDD469007B4536 /* CardImage.swift */; };
		F42217AC28CF68DF00A9BD7F /* SplashView.swift in Sources */ = {isa = PBXBuildFile; fileRef = F42217AB28CF68DF00A9BD7F /* SplashView.swift */; };
		F42217AE28CF75C100A9BD7F /* MessageList.swift in Sources */ = {isa = PBXBuildFile; fileRef = F42217AD28CF75C100A9BD7F /* MessageList.swift */; };
		F42217B228CF77B000A9BD7F /* MessageCard.swift in Sources */ = {isa = PBXBuildFile; fileRef = F42217B128CF77B000A9BD7F /* MessageCard.swift */; };
		F4285B8228D59BCA005832C0 /* TargetDetailsView.swift in Sources */ = {isa = PBXBuildFile; fileRef = F4285B8128D59BCA005832C0 /* TargetDetailsView.swift */; };
		F43B976F28D2E20D00040C54 /* User.swift in Sources */ = {isa = PBXBuildFile; fileRef = F43B976E28D2E20D00040C54 /* User.swift */; };
		F43B977228D2F77000040C54 /* UserViewModel.swift in Sources */ = {isa = PBXBuildFile; fileRef = F43B977128D2F77000040C54 /* UserViewModel.swift */; };
		F44F53D328C446F0001419BF /* UserInfoView.swift in Sources */ = {isa = PBXBuildFile; fileRef = F44F53D228C446F0001419BF /* UserInfoView.swift */; };
		F4C5325C28D33AD8006DF3B5 /* MainView.swift in Sources */ = {isa = PBXBuildFile; fileRef = F4C5325B28D33AD8006DF3B5 /* MainView.swift */; };
		F4C5325E28D41FE4006DF3B5 /* UserInfo.swift in Sources */ = {isa = PBXBuildFile; fileRef = F4C5325D28D41FE4006DF3B5 /* UserInfo.swift */; };
		F4C5326028D4271F006DF3B5 /* UserInfoViewModel.swift in Sources */ = {isa = PBXBuildFile; fileRef = F4C5325F28D4271F006DF3B5 /* UserInfoViewModel.swift */; };
		F4FE6FF628C332ED00A6153A /* RMIT_DatingApp.swift in Sources */ = {isa = PBXBuildFile; fileRef = F4FE6FF528C332ED00A6153A /* RMIT_DatingApp.swift */; };
		F4FE6FF828C332ED00A6153A /* ContentView.swift in Sources */ = {isa = PBXBuildFile; fileRef = F4FE6FF728C332ED00A6153A /* ContentView.swift */; };
		F4FE6FFA28C332EE00A6153A /* Assets.xcassets in Resources */ = {isa = PBXBuildFile; fileRef = F4FE6FF928C332EE00A6153A /* Assets.xcassets */; };
		F4FE6FFD28C332EE00A6153A /* Preview Assets.xcassets in Resources */ = {isa = PBXBuildFile; fileRef = F4FE6FFC28C332EE00A6153A /* Preview Assets.xcassets */; };
		F4FE700528C3353900A6153A /* IntroView.swift in Sources */ = {isa = PBXBuildFile; fileRef = F4FE700428C3353900A6153A /* IntroView.swift */; };
		F4FE700728C3354900A6153A /* LoginView.swift in Sources */ = {isa = PBXBuildFile; fileRef = F4FE700628C3354900A6153A /* LoginView.swift */; };
		F4FE700A28C33AE200A6153A /* ColorConstants.swift in Sources */ = {isa = PBXBuildFile; fileRef = F4FE700928C33AE200A6153A /* ColorConstants.swift */; };
		F4FE700C28C34F5500A6153A /* SignupView.swift in Sources */ = {isa = PBXBuildFile; fileRef = F4FE700B28C34F5500A6153A /* SignupView.swift */; };
/* End PBXBuildFile section */

/* Begin PBXFileReference section */
		139F189128D1F59E004F258B /* GoogleService-Info.plist */ = {isa = PBXFileReference; fileEncoding = 4; lastKnownFileType = text.plist.xml; path = "GoogleService-Info.plist"; sourceTree = "<group>"; };
		139F189A28D204D5004F258B /* Modifiers.swift */ = {isa = PBXFileReference; lastKnownFileType = sourcecode.swift; path = Modifiers.swift; sourceTree = "<group>"; };
		BC28ED2E28D563FF0056C8C8 /* CircleImage.swift */ = {isa = PBXFileReference; lastKnownFileType = sourcecode.swift; path = CircleImage.swift; sourceTree = "<group>"; };
		BC28ED3028D56F5C0056C8C8 /* CircleButton.swift */ = {isa = PBXFileReference; lastKnownFileType = sourcecode.swift; path = CircleButton.swift; sourceTree = "<group>"; };
		BC28ED3628D5BC160056C8C8 /* TestData.swift */ = {isa = PBXFileReference; lastKnownFileType = sourcecode.swift; path = TestData.swift; sourceTree = "<group>"; };
		BC28ED3828D5BD6C0056C8C8 /* CircleInteractButton.swift */ = {isa = PBXFileReference; lastKnownFileType = sourcecode.swift; path = CircleInteractButton.swift; sourceTree = "<group>"; };
		BC28ED3A28D609CE0056C8C8 /* LoginViewModel.swift */ = {isa = PBXFileReference; lastKnownFileType = sourcecode.swift; path = LoginViewModel.swift; sourceTree = "<group>"; };
		BC28ED3E28D614EC0056C8C8 /* CardImageSwipe.swift */ = {isa = PBXFileReference; lastKnownFileType = sourcecode.swift; path = CardImageSwipe.swift; sourceTree = "<group>"; };
		F40C375728CDAA13007B4536 /* SwipeView.swift */ = {isa = PBXFileReference; lastKnownFileType = sourcecode.swift; path = SwipeView.swift; sourceTree = "<group>"; };
		F40C375928CDAA56007B4536 /* MessageView.swift */ = {isa = PBXFileReference; lastKnownFileType = sourcecode.swift; path = MessageView.swift; sourceTree = "<group>"; };
		F40C375B28CDB57D007B4536 /* SettingView.swift */ = {isa = PBXFileReference; lastKnownFileType = sourcecode.swift; path = SettingView.swift; sourceTree = "<group>"; };
		F40C375D28CDD469007B4536 /* CardImage.swift */ = {isa = PBXFileReference; lastKnownFileType = sourcecode.swift; path = CardImage.swift; sourceTree = "<group>"; };
		F42217AB28CF68DF00A9BD7F /* SplashView.swift */ = {isa = PBXFileReference; lastKnownFileType = sourcecode.swift; path = SplashView.swift; sourceTree = "<group>"; };
		F42217AD28CF75C100A9BD7F /* MessageList.swift */ = {isa = PBXFileReference; lastKnownFileType = sourcecode.swift; path = MessageList.swift; sourceTree = "<group>"; };
		F42217B128CF77B000A9BD7F /* MessageCard.swift */ = {isa = PBXFileReference; lastKnownFileType = sourcecode.swift; path = MessageCard.swift; sourceTree = "<group>"; };
		F4285B8128D59BCA005832C0 /* TargetDetailsView.swift */ = {isa = PBXFileReference; lastKnownFileType = sourcecode.swift; path = TargetDetailsView.swift; sourceTree = "<group>"; };
		F43B976E28D2E20D00040C54 /* User.swift */ = {isa = PBXFileReference; lastKnownFileType = sourcecode.swift; path = User.swift; sourceTree = "<group>"; };
		F43B977128D2F77000040C54 /* UserViewModel.swift */ = {isa = PBXFileReference; lastKnownFileType = sourcecode.swift; path = UserViewModel.swift; sourceTree = "<group>"; };
		F44F53D228C446F0001419BF /* UserInfoView.swift */ = {isa = PBXFileReference; lastKnownFileType = sourcecode.swift; path = UserInfoView.swift; sourceTree = "<group>"; };
		F4C5325B28D33AD8006DF3B5 /* MainView.swift */ = {isa = PBXFileReference; lastKnownFileType = sourcecode.swift; path = MainView.swift; sourceTree = "<group>"; };
		F4C5325D28D41FE4006DF3B5 /* UserInfo.swift */ = {isa = PBXFileReference; lastKnownFileType = sourcecode.swift; path = UserInfo.swift; sourceTree = "<group>"; };
		F4C5325F28D4271F006DF3B5 /* UserInfoViewModel.swift */ = {isa = PBXFileReference; lastKnownFileType = sourcecode.swift; path = UserInfoViewModel.swift; sourceTree = "<group>"; };
		F4FE6FF228C332ED00A6153A /* RMIT Dating.app */ = {isa = PBXFileReference; explicitFileType = wrapper.application; includeInIndex = 0; path = "RMIT Dating.app"; sourceTree = BUILT_PRODUCTS_DIR; };
		F4FE6FF528C332ED00A6153A /* RMIT_DatingApp.swift */ = {isa = PBXFileReference; lastKnownFileType = sourcecode.swift; path = RMIT_DatingApp.swift; sourceTree = "<group>"; };
		F4FE6FF728C332ED00A6153A /* ContentView.swift */ = {isa = PBXFileReference; lastKnownFileType = sourcecode.swift; path = ContentView.swift; sourceTree = "<group>"; };
		F4FE6FF928C332EE00A6153A /* Assets.xcassets */ = {isa = PBXFileReference; lastKnownFileType = folder.assetcatalog; path = Assets.xcassets; sourceTree = "<group>"; };
		F4FE6FFC28C332EE00A6153A /* Preview Assets.xcassets */ = {isa = PBXFileReference; lastKnownFileType = folder.assetcatalog; path = "Preview Assets.xcassets"; sourceTree = "<group>"; };
		F4FE700428C3353900A6153A /* IntroView.swift */ = {isa = PBXFileReference; lastKnownFileType = sourcecode.swift; path = IntroView.swift; sourceTree = "<group>"; };
		F4FE700628C3354900A6153A /* LoginView.swift */ = {isa = PBXFileReference; lastKnownFileType = sourcecode.swift; path = LoginView.swift; sourceTree = "<group>"; };
		F4FE700928C33AE200A6153A /* ColorConstants.swift */ = {isa = PBXFileReference; lastKnownFileType = sourcecode.swift; path = ColorConstants.swift; sourceTree = "<group>"; };
		F4FE700B28C34F5500A6153A /* SignupView.swift */ = {isa = PBXFileReference; lastKnownFileType = sourcecode.swift; path = SignupView.swift; sourceTree = "<group>"; };
/* End PBXFileReference section */

/* Begin PBXFrameworksBuildPhase section */
		F4FE6FEF28C332ED00A6153A /* Frameworks */ = {
			isa = PBXFrameworksBuildPhase;
			buildActionMask = 2147483647;
			files = (
				139F189528D1F6D5004F258B /* FirebaseAuth in Frameworks */,
				139F189728D1F6D5004F258B /* FirebaseFirestore in Frameworks */,
			);
			runOnlyForDeploymentPostprocessing = 0;
		};
/* End PBXFrameworksBuildPhase section */

/* Begin PBXGroup section */
		F43B976D28D2E1AF00040C54 /* ViewModels */ = {
			isa = PBXGroup;
			children = (
				F43B977128D2F77000040C54 /* UserViewModel.swift */,
				F4C5325F28D4271F006DF3B5 /* UserInfoViewModel.swift */,
				BC28ED3A28D609CE0056C8C8 /* LoginViewModel.swift */,
			);
			path = ViewModels;
			sourceTree = "<group>";
		};
		F43B977528D3255E00040C54 /* Components */ = {
			isa = PBXGroup;
			children = (
				F40C375D28CDD469007B4536 /* CardImage.swift */,
				F42217AD28CF75C100A9BD7F /* MessageList.swift */,
				F42217B128CF77B000A9BD7F /* MessageCard.swift */,
				139F189A28D204D5004F258B /* Modifiers.swift */,
				BC28ED2E28D563FF0056C8C8 /* CircleImage.swift */,
				BC28ED3028D56F5C0056C8C8 /* CircleButton.swift */,
				BC28ED3828D5BD6C0056C8C8 /* CircleInteractButton.swift */,
				BC28ED3E28D614EC0056C8C8 /* CardImageSwipe.swift */,
			);
			path = Components;
			sourceTree = "<group>";
		};
		F4FE6FE928C332ED00A6153A = {
			isa = PBXGroup;
			children = (
				F4FE6FF428C332ED00A6153A /* RMIT Dating */,
				F4FE6FF328C332ED00A6153A /* Products */,
			);
			sourceTree = "<group>";
		};
		F4FE6FF328C332ED00A6153A /* Products */ = {
			isa = PBXGroup;
			children = (
				F4FE6FF228C332ED00A6153A /* RMIT Dating.app */,
			);
			name = Products;
			sourceTree = "<group>";
		};
		F4FE6FF428C332ED00A6153A /* RMIT Dating */ = {
			isa = PBXGroup;
			children = (
				F43B976D28D2E1AF00040C54 /* ViewModels */,
				139F189128D1F59E004F258B /* GoogleService-Info.plist */,
				F4FE700828C33AC400A6153A /* Models */,
				F4FE700328C3352200A6153A /* Views */,
				F4FE6FF528C332ED00A6153A /* RMIT_DatingApp.swift */,
				F4FE6FF728C332ED00A6153A /* ContentView.swift */,
				F4FE6FF928C332EE00A6153A /* Assets.xcassets */,
				F4FE6FFB28C332EE00A6153A /* Preview Content */,
			);
			path = "RMIT Dating";
			sourceTree = "<group>";
		};
		F4FE6FFB28C332EE00A6153A /* Preview Content */ = {
			isa = PBXGroup;
			children = (
				F4FE6FFC28C332EE00A6153A /* Preview Assets.xcassets */,
			);
			path = "Preview Content";
			sourceTree = "<group>";
		};
		F4FE700328C3352200A6153A /* Views */ = {
			isa = PBXGroup;
			children = (
				F43B977528D3255E00040C54 /* Components */,
				F4FE700428C3353900A6153A /* IntroView.swift */,
				F4FE700628C3354900A6153A /* LoginView.swift */,
				F4FE700B28C34F5500A6153A /* SignupView.swift */,
				F42217AB28CF68DF00A9BD7F /* SplashView.swift */,
				F44F53D228C446F0001419BF /* UserInfoView.swift */,
				F40C375B28CDB57D007B4536 /* SettingView.swift */,
				F40C375728CDAA13007B4536 /* SwipeView.swift */,
				F40C375928CDAA56007B4536 /* MessageView.swift */,
				F4C5325B28D33AD8006DF3B5 /* MainView.swift */,
				F4285B8128D59BCA005832C0 /* TargetDetailsView.swift */,
			);
			path = Views;
			sourceTree = "<group>";
		};
		F4FE700828C33AC400A6153A /* Models */ = {
			isa = PBXGroup;
			children = (
				F4FE700928C33AE200A6153A /* ColorConstants.swift */,
				F43B976E28D2E20D00040C54 /* User.swift */,
				F4C5325D28D41FE4006DF3B5 /* UserInfo.swift */,
				BC28ED3628D5BC160056C8C8 /* TestData.swift */,
			);
			path = Models;
			sourceTree = "<group>";
		};
/* End PBXGroup section */

/* Begin PBXNativeTarget section */
		F4FE6FF128C332ED00A6153A /* RMIT Dating */ = {
			isa = PBXNativeTarget;
			buildConfigurationList = F4FE700028C332EE00A6153A /* Build configuration list for PBXNativeTarget "RMIT Dating" */;
			buildPhases = (
				F4FE6FEE28C332ED00A6153A /* Sources */,
				F4FE6FEF28C332ED00A6153A /* Frameworks */,
				F4FE6FF028C332ED00A6153A /* Resources */,
			);
			buildRules = (
			);
			dependencies = (
			);
			name = "RMIT Dating";
			packageProductDependencies = (
				139F189428D1F6D5004F258B /* FirebaseAuth */,
				139F189628D1F6D5004F258B /* FirebaseFirestore */,
			);
			productName = "RMIT Dating";
			productReference = F4FE6FF228C332ED00A6153A /* RMIT Dating.app */;
			productType = "com.apple.product-type.application";
		};
/* End PBXNativeTarget section */

/* Begin PBXProject section */
		F4FE6FEA28C332ED00A6153A /* Project object */ = {
			isa = PBXProject;
			attributes = {
				BuildIndependentTargetsInParallel = 1;
				LastSwiftUpdateCheck = 1320;
				LastUpgradeCheck = 1320;
				TargetAttributes = {
					F4FE6FF128C332ED00A6153A = {
						CreatedOnToolsVersion = 13.2.1;
					};
				};
			};
			buildConfigurationList = F4FE6FED28C332ED00A6153A /* Build configuration list for PBXProject "RMIT Dating" */;
			compatibilityVersion = "Xcode 13.0";
			developmentRegion = en;
			hasScannedForEncodings = 0;
			knownRegions = (
				en,
				Base,
			);
			mainGroup = F4FE6FE928C332ED00A6153A;
			packageReferences = (
				139F189328D1F6D5004F258B /* XCRemoteSwiftPackageReference "firebase-ios-sdk" */,
			);
			productRefGroup = F4FE6FF328C332ED00A6153A /* Products */;
			projectDirPath = "";
			projectRoot = "";
			targets = (
				F4FE6FF128C332ED00A6153A /* RMIT Dating */,
			);
		};
/* End PBXProject section */

/* Begin PBXResourcesBuildPhase section */
		F4FE6FF028C332ED00A6153A /* Resources */ = {
			isa = PBXResourcesBuildPhase;
			buildActionMask = 2147483647;
			files = (
				F4FE6FFD28C332EE00A6153A /* Preview Assets.xcassets in Resources */,
				F4FE6FFA28C332EE00A6153A /* Assets.xcassets in Resources */,
				139F189228D1F59E004F258B /* GoogleService-Info.plist in Resources */,
			);
			runOnlyForDeploymentPostprocessing = 0;
		};
/* End PBXResourcesBuildPhase section */

/* Begin PBXSourcesBuildPhase section */
		F4FE6FEE28C332ED00A6153A /* Sources */ = {
			isa = PBXSourcesBuildPhase;
			buildActionMask = 2147483647;
			files = (
				F4C5325E28D41FE4006DF3B5 /* UserInfo.swift in Sources */,
				F4FE700C28C34F5500A6153A /* SignupView.swift in Sources */,
				F44F53D328C446F0001419BF /* UserInfoView.swift in Sources */,
				BC28ED3728D5BC160056C8C8 /* TestData.swift in Sources */,
				F4C5325C28D33AD8006DF3B5 /* MainView.swift in Sources */,
				F40C375828CDAA13007B4536 /* SwipeView.swift in Sources */,
				F4FE6FF828C332ED00A6153A /* ContentView.swift in Sources */,
				F4FE6FF628C332ED00A6153A /* RMIT_DatingApp.swift in Sources */,
				BC28ED3B28D609CE0056C8C8 /* LoginViewModel.swift in Sources */,
				F4FE700728C3354900A6153A /* LoginView.swift in Sources */,
				F43B977228D2F77000040C54 /* UserViewModel.swift in Sources */,
				F43B976F28D2E20D00040C54 /* User.swift in Sources */,
				F4FE700A28C33AE200A6153A /* ColorConstants.swift in Sources */,
				F42217AE28CF75C100A9BD7F /* MessageList.swift in Sources */,
				BC28ED3928D5BD6C0056C8C8 /* CircleInteractButton.swift in Sources */,
				F42217AC28CF68DF00A9BD7F /* SplashView.swift in Sources */,
				F42217B228CF77B000A9BD7F /* MessageCard.swift in Sources */,
				F40C375A28CDAA56007B4536 /* MessageView.swift in Sources */,
				139F189B28D204D5004F258B /* Modifiers.swift in Sources */,
				F4285B8228D59BCA005832C0 /* TargetDetailsView.swift in Sources */,
				F4FE700528C3353900A6153A /* IntroView.swift in Sources */,
				BC28ED3128D56F5C0056C8C8 /* CircleButton.swift in Sources */,
				BC28ED2F28D563FF0056C8C8 /* CircleImage.swift in Sources */,
				F4C5326028D4271F006DF3B5 /* UserInfoViewModel.swift in Sources */,
				BC28ED3F28D614ED0056C8C8 /* CardImageSwipe.swift in Sources */,
				F40C375E28CDD469007B4536 /* CardImage.swift in Sources */,
				F40C375C28CDB57D007B4536 /* SettingView.swift in Sources */,
			);
			runOnlyForDeploymentPostprocessing = 0;
		};
/* End PBXSourcesBuildPhase section */

/* Begin XCBuildConfiguration section */
		F4FE6FFE28C332EE00A6153A /* Debug */ = {
			isa = XCBuildConfiguration;
			buildSettings = {
				ALWAYS_SEARCH_USER_PATHS = NO;
				CLANG_ANALYZER_NONNULL = YES;
				CLANG_ANALYZER_NUMBER_OBJECT_CONVERSION = YES_AGGRESSIVE;
				CLANG_CXX_LANGUAGE_STANDARD = "gnu++17";
				CLANG_CXX_LIBRARY = "libc++";
				CLANG_ENABLE_MODULES = YES;
				CLANG_ENABLE_OBJC_ARC = YES;
				CLANG_ENABLE_OBJC_WEAK = YES;
				CLANG_WARN_BLOCK_CAPTURE_AUTORELEASING = YES;
				CLANG_WARN_BOOL_CONVERSION = YES;
				CLANG_WARN_COMMA = YES;
				CLANG_WARN_CONSTANT_CONVERSION = YES;
				CLANG_WARN_DEPRECATED_OBJC_IMPLEMENTATIONS = YES;
				CLANG_WARN_DIRECT_OBJC_ISA_USAGE = YES_ERROR;
				CLANG_WARN_DOCUMENTATION_COMMENTS = YES;
				CLANG_WARN_EMPTY_BODY = YES;
				CLANG_WARN_ENUM_CONVERSION = YES;
				CLANG_WARN_INFINITE_RECURSION = YES;
				CLANG_WARN_INT_CONVERSION = YES;
				CLANG_WARN_NON_LITERAL_NULL_CONVERSION = YES;
				CLANG_WARN_OBJC_IMPLICIT_RETAIN_SELF = YES;
				CLANG_WARN_OBJC_LITERAL_CONVERSION = YES;
				CLANG_WARN_OBJC_ROOT_CLASS = YES_ERROR;
				CLANG_WARN_QUOTED_INCLUDE_IN_FRAMEWORK_HEADER = YES;
				CLANG_WARN_RANGE_LOOP_ANALYSIS = YES;
				CLANG_WARN_STRICT_PROTOTYPES = YES;
				CLANG_WARN_SUSPICIOUS_MOVE = YES;
				CLANG_WARN_UNGUARDED_AVAILABILITY = YES_AGGRESSIVE;
				CLANG_WARN_UNREACHABLE_CODE = YES;
				CLANG_WARN__DUPLICATE_METHOD_MATCH = YES;
				COPY_PHASE_STRIP = NO;
				DEBUG_INFORMATION_FORMAT = dwarf;
				ENABLE_STRICT_OBJC_MSGSEND = YES;
				ENABLE_TESTABILITY = YES;
				GCC_C_LANGUAGE_STANDARD = gnu11;
				GCC_DYNAMIC_NO_PIC = NO;
				GCC_NO_COMMON_BLOCKS = YES;
				GCC_OPTIMIZATION_LEVEL = 0;
				GCC_PREPROCESSOR_DEFINITIONS = (
					"DEBUG=1",
					"$(inherited)",
				);
				GCC_WARN_64_TO_32_BIT_CONVERSION = YES;
				GCC_WARN_ABOUT_RETURN_TYPE = YES_ERROR;
				GCC_WARN_UNDECLARED_SELECTOR = YES;
				GCC_WARN_UNINITIALIZED_AUTOS = YES_AGGRESSIVE;
				GCC_WARN_UNUSED_FUNCTION = YES;
				GCC_WARN_UNUSED_VARIABLE = YES;
				IPHONEOS_DEPLOYMENT_TARGET = 15.2;
				MTL_ENABLE_DEBUG_INFO = INCLUDE_SOURCE;
				MTL_FAST_MATH = YES;
				ONLY_ACTIVE_ARCH = YES;
				SDKROOT = iphoneos;
				SWIFT_ACTIVE_COMPILATION_CONDITIONS = DEBUG;
				SWIFT_OPTIMIZATION_LEVEL = "-Onone";
			};
			name = Debug;
		};
		F4FE6FFF28C332EE00A6153A /* Release */ = {
			isa = XCBuildConfiguration;
			buildSettings = {
				ALWAYS_SEARCH_USER_PATHS = NO;
				CLANG_ANALYZER_NONNULL = YES;
				CLANG_ANALYZER_NUMBER_OBJECT_CONVERSION = YES_AGGRESSIVE;
				CLANG_CXX_LANGUAGE_STANDARD = "gnu++17";
				CLANG_CXX_LIBRARY = "libc++";
				CLANG_ENABLE_MODULES = YES;
				CLANG_ENABLE_OBJC_ARC = YES;
				CLANG_ENABLE_OBJC_WEAK = YES;
				CLANG_WARN_BLOCK_CAPTURE_AUTORELEASING = YES;
				CLANG_WARN_BOOL_CONVERSION = YES;
				CLANG_WARN_COMMA = YES;
				CLANG_WARN_CONSTANT_CONVERSION = YES;
				CLANG_WARN_DEPRECATED_OBJC_IMPLEMENTATIONS = YES;
				CLANG_WARN_DIRECT_OBJC_ISA_USAGE = YES_ERROR;
				CLANG_WARN_DOCUMENTATION_COMMENTS = YES;
				CLANG_WARN_EMPTY_BODY = YES;
				CLANG_WARN_ENUM_CONVERSION = YES;
				CLANG_WARN_INFINITE_RECURSION = YES;
				CLANG_WARN_INT_CONVERSION = YES;
				CLANG_WARN_NON_LITERAL_NULL_CONVERSION = YES;
				CLANG_WARN_OBJC_IMPLICIT_RETAIN_SELF = YES;
				CLANG_WARN_OBJC_LITERAL_CONVERSION = YES;
				CLANG_WARN_OBJC_ROOT_CLASS = YES_ERROR;
				CLANG_WARN_QUOTED_INCLUDE_IN_FRAMEWORK_HEADER = YES;
				CLANG_WARN_RANGE_LOOP_ANALYSIS = YES;
				CLANG_WARN_STRICT_PROTOTYPES = YES;
				CLANG_WARN_SUSPICIOUS_MOVE = YES;
				CLANG_WARN_UNGUARDED_AVAILABILITY = YES_AGGRESSIVE;
				CLANG_WARN_UNREACHABLE_CODE = YES;
				CLANG_WARN__DUPLICATE_METHOD_MATCH = YES;
				COPY_PHASE_STRIP = NO;
				DEBUG_INFORMATION_FORMAT = "dwarf-with-dsym";
				ENABLE_NS_ASSERTIONS = NO;
				ENABLE_STRICT_OBJC_MSGSEND = YES;
				GCC_C_LANGUAGE_STANDARD = gnu11;
				GCC_NO_COMMON_BLOCKS = YES;
				GCC_WARN_64_TO_32_BIT_CONVERSION = YES;
				GCC_WARN_ABOUT_RETURN_TYPE = YES_ERROR;
				GCC_WARN_UNDECLARED_SELECTOR = YES;
				GCC_WARN_UNINITIALIZED_AUTOS = YES_AGGRESSIVE;
				GCC_WARN_UNUSED_FUNCTION = YES;
				GCC_WARN_UNUSED_VARIABLE = YES;
				IPHONEOS_DEPLOYMENT_TARGET = 15.2;
				MTL_ENABLE_DEBUG_INFO = NO;
				MTL_FAST_MATH = YES;
				SDKROOT = iphoneos;
				SWIFT_COMPILATION_MODE = wholemodule;
				SWIFT_OPTIMIZATION_LEVEL = "-O";
				VALIDATE_PRODUCT = YES;
			};
			name = Release;
		};
		F4FE700128C332EE00A6153A /* Debug */ = {
			isa = XCBuildConfiguration;
			buildSettings = {
				ASSETCATALOG_COMPILER_APPICON_NAME = AppIcon;
				ASSETCATALOG_COMPILER_GLOBAL_ACCENT_COLOR_NAME = AccentColor;
				CODE_SIGN_STYLE = Automatic;
				CURRENT_PROJECT_VERSION = 1;
				DEVELOPMENT_ASSET_PATHS = "\"RMIT Dating/Preview Content\"";
				DEVELOPMENT_TEAM = 358XUGL83F;
				ENABLE_PREVIEWS = YES;
				GENERATE_INFOPLIST_FILE = YES;
				INFOPLIST_KEY_UIApplicationSceneManifest_Generation = YES;
				INFOPLIST_KEY_UIApplicationSupportsIndirectInputEvents = YES;
				INFOPLIST_KEY_UILaunchScreen_Generation = YES;
				INFOPLIST_KEY_UISupportedInterfaceOrientations_iPad = "UIInterfaceOrientationPortrait UIInterfaceOrientationPortraitUpsideDown UIInterfaceOrientationLandscapeLeft UIInterfaceOrientationLandscapeRight";
				INFOPLIST_KEY_UISupportedInterfaceOrientations_iPhone = "UIInterfaceOrientationPortrait UIInterfaceOrientationLandscapeLeft UIInterfaceOrientationLandscapeRight";
				LD_RUNPATH_SEARCH_PATHS = (
					"$(inherited)",
					"@executable_path/Frameworks",
				);
				MARKETING_VERSION = 1.0;
				PRODUCT_BUNDLE_IDENTIFIER = "vn.edu.rmit.RMIT-Dating";
				PRODUCT_NAME = "$(TARGET_NAME)";
				SWIFT_EMIT_LOC_STRINGS = YES;
				SWIFT_VERSION = 5.0;
				TARGETED_DEVICE_FAMILY = "1,2";
			};
			name = Debug;
		};
		F4FE700228C332EE00A6153A /* Release */ = {
			isa = XCBuildConfiguration;
			buildSettings = {
				ASSETCATALOG_COMPILER_APPICON_NAME = AppIcon;
				ASSETCATALOG_COMPILER_GLOBAL_ACCENT_COLOR_NAME = AccentColor;
				CODE_SIGN_STYLE = Automatic;
				CURRENT_PROJECT_VERSION = 1;
				DEVELOPMENT_ASSET_PATHS = "\"RMIT Dating/Preview Content\"";
				DEVELOPMENT_TEAM = 358XUGL83F;
				ENABLE_PREVIEWS = YES;
				GENERATE_INFOPLIST_FILE = YES;
				INFOPLIST_KEY_UIApplicationSceneManifest_Generation = YES;
				INFOPLIST_KEY_UIApplicationSupportsIndirectInputEvents = YES;
				INFOPLIST_KEY_UILaunchScreen_Generation = YES;
				INFOPLIST_KEY_UISupportedInterfaceOrientations_iPad = "UIInterfaceOrientationPortrait UIInterfaceOrientationPortraitUpsideDown UIInterfaceOrientationLandscapeLeft UIInterfaceOrientationLandscapeRight";
				INFOPLIST_KEY_UISupportedInterfaceOrientations_iPhone = "UIInterfaceOrientationPortrait UIInterfaceOrientationLandscapeLeft UIInterfaceOrientationLandscapeRight";
				LD_RUNPATH_SEARCH_PATHS = (
					"$(inherited)",
					"@executable_path/Frameworks",
				);
				MARKETING_VERSION = 1.0;
				PRODUCT_BUNDLE_IDENTIFIER = "vn.edu.rmit.RMIT-Dating";
				PRODUCT_NAME = "$(TARGET_NAME)";
				SWIFT_EMIT_LOC_STRINGS = YES;
				SWIFT_VERSION = 5.0;
				TARGETED_DEVICE_FAMILY = "1,2";
			};
			name = Release;
		};
/* End XCBuildConfiguration section */

/* Begin XCConfigurationList section */
		F4FE6FED28C332ED00A6153A /* Build configuration list for PBXProject "RMIT Dating" */ = {
			isa = XCConfigurationList;
			buildConfigurations = (
				F4FE6FFE28C332EE00A6153A /* Debug */,
				F4FE6FFF28C332EE00A6153A /* Release */,
			);
			defaultConfigurationIsVisible = 0;
			defaultConfigurationName = Release;
		};
		F4FE700028C332EE00A6153A /* Build configuration list for PBXNativeTarget "RMIT Dating" */ = {
			isa = XCConfigurationList;
			buildConfigurations = (
				F4FE700128C332EE00A6153A /* Debug */,
				F4FE700228C332EE00A6153A /* Release */,
			);
			defaultConfigurationIsVisible = 0;
			defaultConfigurationName = Release;
		};
/* End XCConfigurationList section */

/* Begin XCRemoteSwiftPackageReference section */
		139F189328D1F6D5004F258B /* XCRemoteSwiftPackageReference "firebase-ios-sdk" */ = {
			isa = XCRemoteSwiftPackageReference;
			repositoryURL = "https://github.com/firebase/firebase-ios-sdk";
			requirement = {
				kind = upToNextMajorVersion;
				minimumVersion = 9.0.0;
			};
		};
/* End XCRemoteSwiftPackageReference section */

/* Begin XCSwiftPackageProductDependency section */
		139F189428D1F6D5004F258B /* FirebaseAuth */ = {
			isa = XCSwiftPackageProductDependency;
			package = 139F189328D1F6D5004F258B /* XCRemoteSwiftPackageReference "firebase-ios-sdk" */;
			productName = FirebaseAuth;
		};
		139F189628D1F6D5004F258B /* FirebaseFirestore */ = {
			isa = XCSwiftPackageProductDependency;
			package = 139F189328D1F6D5004F258B /* XCRemoteSwiftPackageReference "firebase-ios-sdk" */;
			productName = FirebaseFirestore;
		};
/* End XCSwiftPackageProductDependency section */
	};
	rootObject = F4FE6FEA28C332ED00A6153A /* Project object */;
}
